
Microsoft Visual Studio Solution File, Format Version 12.00
# Visual Studio Version 17
VisualStudioVersion = 17.0.31903.59
MinimumVisualStudioVersion = 10.0.40219.1
Project("{FAE04EC0-301F-11D3-BF4B-00C04F79EFBC}") = "ILRepack.Fody", "ILRepack.Fody\ILRepack.Fody.csproj", "{02E8F0A5-6359-47D9-AE78-F752CB63CF79}"
EndProject
Project("{2150E333-8FDC-42A3-9474-1A3956D46DE8}") = "Tests", "Tests", "{0AB3BF05-4346-4AA6-1389-037BE0695223}"
EndProject
Project("{FAE04EC0-301F-11D3-BF4B-00C04F79EFBC}") = "DummyTest", "Tests\DummyTest\DummyTest.csproj", "{69E46CA7-1D7A-4304-95B1-F69367DD948C}"
EndProject
Project("{FAE04EC0-301F-11D3-BF4B-00C04F79EFBC}") = "Repack.Include.Test", "Tests\Repack.Include.Test\Repack.Include.Test.csproj", "{BC49DBF7-27BD-4598-9D4E-C88034AC3605}"
EndProject
Project("{FAE04EC0-301F-11D3-BF4B-00C04F79EFBC}") = "Repack.Exclude.Test", "Tests\Repack.Exclude.Test\Repack.Exclude.Test.csproj", "{7AA1697C-3212-4A34-A267-EE06159AE85F}"
EndProject
Project("{FAE04EC0-301F-11D3-BF4B-00C04F79EFBC}") = "TestLibA", "Tests\TestLibA\TestLibA.csproj", "{08F5797C-14F5-4E75-8D93-C27E3AB4D972}"
EndProject
Global
	GlobalSection(SolutionConfigurationPlatforms) = preSolution
		Debug|Any CPU = Debug|Any CPU
		Debug|x64 = Debug|x64
		Debug|x86 = Debug|x86
		Release|Any CPU = Release|Any CPU
		Release|x64 = Release|x64
		Release|x86 = Release|x86
	EndGlobalSection
	GlobalSection(ProjectConfigurationPlatforms) = postSolution
		{02E8F0A5-6359-47D9-AE78-F752CB63CF79}.Debug|Any CPU.ActiveCfg = Debug|Any CPU
		{02E8F0A5-6359-47D9-AE78-F752CB63CF79}.Debug|Any CPU.Build.0 = Debug|Any CPU
		{02E8F0A5-6359-47D9-AE78-F752CB63CF79}.Debug|x64.ActiveCfg = Debug|Any CPU
		{02E8F0A5-6359-47D9-AE78-F752CB63CF79}.Debug|x64.Build.0 = Debug|Any CPU
		{02E8F0A5-6359-47D9-AE78-F752CB63CF79}.Debug|x86.ActiveCfg = Debug|Any CPU
		{02E8F0A5-6359-47D9-AE78-F752CB63CF79}.Debug|x86.Build.0 = Debug|Any CPU
		{02E8F0A5-6359-47D9-AE78-F752CB63CF79}.Release|Any CPU.ActiveCfg = Release|Any CPU
		{02E8F0A5-6359-47D9-AE78-F752CB63CF79}.Release|Any CPU.Build.0 = Release|Any CPU
		{02E8F0A5-6359-47D9-AE78-F752CB63CF79}.Release|x64.ActiveCfg = Release|Any CPU
		{02E8F0A5-6359-47D9-AE78-F752CB63CF79}.Release|x64.Build.0 = Release|Any CPU
		{02E8F0A5-6359-47D9-AE78-F752CB63CF79}.Release|x86.ActiveCfg = Release|Any CPU
		{02E8F0A5-6359-47D9-AE78-F752CB63CF79}.Release|x86.Build.0 = Release|Any CPU
		{69E46CA7-1D7A-4304-95B1-F69367DD948C}.Debug|Any CPU.ActiveCfg = Debug|Any CPU
		{69E46CA7-1D7A-4304-95B1-F69367DD948C}.Debug|Any CPU.Build.0 = Debug|Any CPU
		{69E46CA7-1D7A-4304-95B1-F69367DD948C}.Debug|x64.ActiveCfg = Debug|Any CPU
		{69E46CA7-1D7A-4304-95B1-F69367DD948C}.Debug|x64.Build.0 = Debug|Any CPU
		{69E46CA7-1D7A-4304-95B1-F69367DD948C}.Debug|x86.ActiveCfg = Debug|Any CPU
		{69E46CA7-1D7A-4304-95B1-F69367DD948C}.Debug|x86.Build.0 = Debug|Any CPU
		{69E46CA7-1D7A-4304-95B1-F69367DD948C}.Release|Any CPU.ActiveCfg = Release|Any CPU
		{69E46CA7-1D7A-4304-95B1-F69367DD948C}.Release|Any CPU.Build.0 = Release|Any CPU
		{69E46CA7-1D7A-4304-95B1-F69367DD948C}.Release|x64.ActiveCfg = Release|Any CPU
		{69E46CA7-1D7A-4304-95B1-F69367DD948C}.Release|x64.Build.0 = Release|Any CPU
		{69E46CA7-1D7A-4304-95B1-F69367DD948C}.Release|x86.ActiveCfg = Release|Any CPU
		{69E46CA7-1D7A-4304-95B1-F69367DD948C}.Release|x86.Build.0 = Release|Any CPU
		{BC49DBF7-27BD-4598-9D4E-C88034AC3605}.Debug|Any CPU.ActiveCfg = Debug|Any CPU
		{BC49DBF7-27BD-4598-9D4E-C88034AC3605}.Debug|Any CPU.Build.0 = Debug|Any CPU
		{BC49DBF7-27BD-4598-9D4E-C88034AC3605}.Debug|x64.ActiveCfg = Debug|Any CPU
		{BC49DBF7-27BD-4598-9D4E-C88034AC3605}.Debug|x64.Build.0 = Debug|Any CPU
		{BC49DBF7-27BD-4598-9D4E-C88034AC3605}.Debug|x86.ActiveCfg = Debug|Any CPU
		{BC49DBF7-27BD-4598-9D4E-C88034AC3605}.Debug|x86.Build.0 = Debug|Any CPU
		{BC49DBF7-27BD-4598-9D4E-C88034AC3605}.Release|Any CPU.ActiveCfg = Release|Any CPU
		{BC49DBF7-27BD-4598-9D4E-C88034AC3605}.Release|Any CPU.Build.0 = Release|Any CPU
		{BC49DBF7-27BD-4598-9D4E-C88034AC3605}.Release|x64.ActiveCfg = Release|Any CPU
		{BC49DBF7-27BD-4598-9D4E-C88034AC3605}.Release|x64.Build.0 = Release|Any CPU
		{BC49DBF7-27BD-4598-9D4E-C88034AC3605}.Release|x86.ActiveCfg = Release|Any CPU
		{BC49DBF7-27BD-4598-9D4E-C88034AC3605}.Release|x86.Build.0 = Release|Any CPU
		{7AA1697C-3212-4A34-A267-EE06159AE85F}.Debug|Any CPU.ActiveCfg = Debug|Any CPU
		{7AA1697C-3212-4A34-A267-EE06159AE85F}.Debug|Any CPU.Build.0 = Debug|Any CPU
		{7AA1697C-3212-4A34-A267-EE06159AE85F}.Debug|x64.ActiveCfg = Debug|Any CPU
		{7AA1697C-3212-4A34-A267-EE06159AE85F}.Debug|x64.Build.0 = Debug|Any CPU
		{7AA1697C-3212-4A34-A267-EE06159AE85F}.Debug|x86.ActiveCfg = Debug|Any CPU
		{7AA1697C-3212-4A34-A267-EE06159AE85F}.Debug|x86.Build.0 = Debug|Any CPU
		{7AA1697C-3212-4A34-A267-EE06159AE85F}.Release|Any CPU.ActiveCfg = Release|Any CPU
		{7AA1697C-3212-4A34-A267-EE06159AE85F}.Release|Any CPU.Build.0 = Release|Any CPU
		{7AA1697C-3212-4A34-A267-EE06159AE85F}.Release|x64.ActiveCfg = Release|Any CPU
		{7AA1697C-3212-4A34-A267-EE06159AE85F}.Release|x64.Build.0 = Release|Any CPU
		{7AA1697C-3212-4A34-A267-EE06159AE85F}.Release|x86.ActiveCfg = Release|Any CPU
		{7AA1697C-3212-4A34-A267-EE06159AE85F}.Release|x86.Build.0 = Release|Any CPU
		{08F5797C-14F5-4E75-8D93-C27E3AB4D972}.Debug|Any CPU.ActiveCfg = Debug|Any CPU
		{08F5797C-14F5-4E75-8D93-C27E3AB4D972}.Debug|Any CPU.Build.0 = Debug|Any CPU
		{08F5797C-14F5-4E75-8D93-C27E3AB4D972}.Debug|x64.ActiveCfg = Debug|Any CPU
		{08F5797C-14F5-4E75-8D93-C27E3AB4D972}.Debug|x64.Build.0 = Debug|Any CPU
		{08F5797C-14F5-4E75-8D93-C27E3AB4D972}.Debug|x86.ActiveCfg = Debug|Any CPU
		{08F5797C-14F5-4E75-8D93-C27E3AB4D972}.Debug|x86.Build.0 = Debug|Any CPU
		{08F5797C-14F5-4E75-8D93-C27E3AB4D972}.Release|Any CPU.ActiveCfg = Release|Any CPU
		{08F5797C-14F5-4E75-8D93-C27E3AB4D972}.Release|Any CPU.Build.0 = Release|Any CPU
		{08F5797C-14F5-4E75-8D93-C27E3AB4D972}.Release|x64.ActiveCfg = Release|Any CPU
		{08F5797C-14F5-4E75-8D93-C27E3AB4D972}.Release|x64.Build.0 = Release|Any CPU
		{08F5797C-14F5-4E75-8D93-C27E3AB4D972}.Release|x86.ActiveCfg = Release|Any CPU
		{08F5797C-14F5-4E75-8D93-C27E3AB4D972}.Release|x86.Build.0 = Release|Any CPU
	EndGlobalSection
	GlobalSection(SolutionProperties) = preSolution
		HideSolutionNode = FALSE
	EndGlobalSection
	GlobalSection(NestedProjects) = preSolution
		{69E46CA7-1D7A-4304-95B1-F69367DD948C} = {0AB3BF05-4346-4AA6-1389-037BE0695223}
		{BC49DBF7-27BD-4598-9D4E-C88034AC3605} = {0AB3BF05-4346-4AA6-1389-037BE0695223}
		{7AA1697C-3212-4A34-A267-EE06159AE85F} = {0AB3BF05-4346-4AA6-1389-037BE0695223}
		{08F5797C-14F5-4E75-8D93-C27E3AB4D972} = {0AB3BF05-4346-4AA6-1389-037BE0695223}
	EndGlobalSection
EndGlobal
